
Microsoft Visual Studio Solution File, Format Version 11.00
# Visual Web Developer Express 2010
Project("{FAE04EC0-301F-11D3-BF4B-00C04F79EFBC}") = "ProjectPlanner", "ProjectPlanner\ProjectPlanner.csproj", "{98038170-CD0C-4507-B920-740376A04A90}"
EndProject
Project("{FAE04EC0-301F-11D3-BF4B-00C04F79EFBC}") = "Model", "Model\Model.csproj", "{12A0EA77-2FAB-41BD-8A6F-CA834B4EEB50}"
EndProject
Global
	GlobalSection(SolutionConfigurationPlatforms) = preSolution
		Debug|Any CPU = Debug|Any CPU
		Release|Any CPU = Release|Any CPU
	EndGlobalSection
	GlobalSection(ProjectConfigurationPlatforms) = postSolution
		{98038170-CD0C-4507-B920-740376A04A90}.Debug|Any CPU.ActiveCfg = Debug|Any CPU
		{98038170-CD0C-4507-B920-740376A04A90}.Debug|Any CPU.Build.0 = Debug|Any CPU
		{98038170-CD0C-4507-B920-740376A04A90}.Release|Any CPU.ActiveCfg = Release|Any CPU
		{98038170-CD0C-4507-B920-740376A04A90}.Release|Any CPU.Build.0 = Release|Any CPU
		{12A0EA77-2FAB-41BD-8A6F-CA834B4EEB50}.Debug|Any CPU.ActiveCfg = Debug|Any CPU
		{12A0EA77-2FAB-41BD-8A6F-CA834B4EEB50}.Debug|Any CPU.Build.0 = Debug|Any CPU
		{12A0EA77-2FAB-41BD-8A6F-CA834B4EEB50}.Release|Any CPU.ActiveCfg = Release|Any CPU
		{12A0EA77-2FAB-41BD-8A6F-CA834B4EEB50}.Release|Any CPU.Build.0 = Release|Any CPU
	EndGlobalSection
	GlobalSection(SolutionProperties) = preSolution
		HideSolutionNode = FALSE
	EndGlobalSection
EndGlobal
